// !$*UTF8*$!
{
	archiveVersion = 1;
	classes = {
	};
	objectVersion = 50;
	objects = {

/* Begin PBXBuildFile section */
		29003DCA265234930052E311 /* AppDelegate.swift in Sources */ = {isa = PBXBuildFile; fileRef = 29003DC9265234930052E311 /* AppDelegate.swift */; };
		29003DCC265234930052E311 /* SceneDelegate.swift in Sources */ = {isa = PBXBuildFile; fileRef = 29003DCB265234930052E311 /* SceneDelegate.swift */; };
		29003DCE265234930052E311 /* ViewController.swift in Sources */ = {isa = PBXBuildFile; fileRef = 29003DCD265234930052E311 /* ViewController.swift */; };
		29003DD1265234930052E311 /* Main.storyboard in Resources */ = {isa = PBXBuildFile; fileRef = 29003DCF265234930052E311 /* Main.storyboard */; };
		29003DD3265234990052E311 /* Assets.xcassets in Resources */ = {isa = PBXBuildFile; fileRef = 29003DD2265234990052E311 /* Assets.xcassets */; };
		29003DD6265234990052E311 /* LaunchScreen.storyboard in Resources */ = {isa = PBXBuildFile; fileRef = 29003DD4265234990052E311 /* LaunchScreen.storyboard */; };
		29003DDE265250290052E311 /* model.tflite in Resources */ = {isa = PBXBuildFile; fileRef = 29003DDD265250290052E311 /* model.tflite */; };
		4F02C532D7887672184302FC /* Pods_megha.framework in Frameworks */ = {isa = PBXBuildFile; fileRef = 9AD2E0818A7FC969539387DF /* Pods_megha.framework */; };
/* End PBXBuildFile section */

/* Begin PBXFileReference section */
		28C2FB9C7FF4BDEB2D2886C4 /* Pods-megha.debug.xcconfig */ = {isa = PBXFileReference; includeInIndex = 1; lastKnownFileType = text.xcconfig; name = "Pods-megha.debug.xcconfig"; path = "Target Support Files/Pods-megha/Pods-megha.debug.xcconfig"; sourceTree = "<group>"; };
		29003DC6265234930052E311 /* megha.app */ = {isa = PBXFileReference; explicitFileType = wrapper.application; includeInIndex = 0; path = megha.app; sourceTree = BUILT_PRODUCTS_DIR; };
		29003DC9265234930052E311 /* AppDelegate.swift */ = {isa = PBXFileReference; lastKnownFileType = sourcecode.swift; path = AppDelegate.swift; sourceTree = "<group>"; };
		29003DCB265234930052E311 /* SceneDelegate.swift */ = {isa = PBXFileReference; lastKnownFileType = sourcecode.swift; path = SceneDelegate.swift; sourceTree = "<group>"; };
		29003DCD265234930052E311 /* ViewController.swift */ = {isa = PBXFileReference; lastKnownFileType = sourcecode.swift; path = ViewController.swift; sourceTree = "<group>"; };
		29003DD0265234930052E311 /* Base */ = {isa = PBXFileReference; lastKnownFileType = file.storyboard; name = Base; path = Base.lproj/Main.storyboard; sourceTree = "<group>"; };
		29003DD2265234990052E311 /* Assets.xcassets */ = {isa = PBXFileReference; lastKnownFileType = folder.assetcatalog; path = Assets.xcassets; sourceTree = "<group>"; };
		29003DD5265234990052E311 /* Base */ = {isa = PBXFileReference; lastKnownFileType = file.storyboard; name = Base; path = Base.lproj/LaunchScreen.storyboard; sourceTree = "<group>"; };
		29003DD7265234990052E311 /* Info.plist */ = {isa = PBXFileReference; lastKnownFileType = text.plist.xml; path = Info.plist; sourceTree = "<group>"; };
		29003DDD265250290052E311 /* model.tflite */ = {isa = PBXFileReference; lastKnownFileType = file; path = model.tflite; sourceTree = "<group>"; };
		9AD2E0818A7FC969539387DF /* Pods_megha.framework */ = {isa = PBXFileReference; explicitFileType = wrapper.framework; includeInIndex = 0; path = Pods_megha.framework; sourceTree = BUILT_PRODUCTS_DIR; };
		EBE4854D4A66462BCDC7C718 /* Pods-megha.release.xcconfig */ = {isa = PBXFileReference; includeInIndex = 1; lastKnownFileType = text.xcconfig; name = "Pods-megha.release.xcconfig"; path = "Target Support Files/Pods-megha/Pods-megha.release.xcconfig"; sourceTree = "<group>"; };
/* End PBXFileReference section */

/* Begin PBXFrameworksBuildPhase section */
		29003DC3265234930052E311 /* Frameworks */ = {
			isa = PBXFrameworksBuildPhase;
			buildActionMask = 2147483647;
			files = (
				4F02C532D7887672184302FC /* Pods_megha.framework in Frameworks */,
			);
			runOnlyForDeploymentPostprocessing = 0;
		};
/* End PBXFrameworksBuildPhase section */

/* Begin PBXGroup section */
		29003DBD265234930052E311 = {
			isa = PBXGroup;
			children = (
				29003DC8265234930052E311 /* megha */,
				29003DC7265234930052E311 /* Products */,
				8F8738F9920FF1C3EDE5D778 /* Pods */,
				E577E049BFEE578E4A8D627C /* Frameworks */,
			);
			sourceTree = "<group>";
		};
		29003DC7265234930052E311 /* Products */ = {
			isa = PBXGroup;
			children = (
				29003DC6265234930052E311 /* megha.app */,
			);
			name = Products;
			sourceTree = "<group>";
		};
		29003DC8265234930052E311 /* megha */ = {
			isa = PBXGroup;
			children = (
				29003DC9265234930052E311 /* AppDelegate.swift */,
				29003DCB265234930052E311 /* SceneDelegate.swift */,
				29003DCD265234930052E311 /* ViewController.swift */,
				29003DCF265234930052E311 /* Main.storyboard */,
				29003DD2265234990052E311 /* Assets.xcassets */,
				29003DD4265234990052E311 /* LaunchScreen.storyboard */,
				29003DD7265234990052E311 /* Info.plist */,
				29003DDD265250290052E311 /* model.tflite */,
			);
			path = megha;
			sourceTree = "<group>";
		};
		8F8738F9920FF1C3EDE5D778 /* Pods */ = {
			isa = PBXGroup;
			children = (
				28C2FB9C7FF4BDEB2D2886C4 /* Pods-megha.debug.xcconfig */,
				EBE4854D4A66462BCDC7C718 /* Pods-megha.release.xcconfig */,
			);
			path = Pods;
			sourceTree = "<group>";
		};
		E577E049BFEE578E4A8D627C /* Frameworks */ = {
			isa = PBXGroup;
			children = (
				9AD2E0818A7FC969539387DF /* Pods_megha.framework */,
			);
			name = Frameworks;
			sourceTree = "<group>";
		};
/* End PBXGroup section */

/* Begin PBXNativeTarget section */
		29003DC5265234930052E311 /* megha */ = {
			isa = PBXNativeTarget;
			buildConfigurationList = 29003DDA265234990052E311 /* Build configuration list for PBXNativeTarget "megha" */;
			buildPhases = (
				524CD189E932AABAA36E753C /* [CP] Check Pods Manifest.lock */,
				29003DC2265234930052E311 /* Sources */,
				29003DC3265234930052E311 /* Frameworks */,
				29003DC4265234930052E311 /* Resources */,
			);
			buildRules = (
			);
			dependencies = (
			);
			name = megha;
			productName = megha;
			productReference = 29003DC6265234930052E311 /* megha.app */;
			productType = "com.apple.product-type.application";
		};
/* End PBXNativeTarget section */

/* Begin PBXProject section */
		29003DBE265234930052E311 /* Project object */ = {
			isa = PBXProject;
			attributes = {
				LastSwiftUpdateCheck = 1250;
				LastUpgradeCheck = 1250;
				TargetAttributes = {
					29003DC5265234930052E311 = {
						CreatedOnToolsVersion = 12.5;
					};
				};
			};
			buildConfigurationList = 29003DC1265234930052E311 /* Build configuration list for PBXProject "megha" */;
			compatibilityVersion = "Xcode 9.3";
			developmentRegion = en;
			hasScannedForEncodings = 0;
			knownRegions = (
				en,
				Base,
			);
			mainGroup = 29003DBD265234930052E311;
			productRefGroup = 29003DC7265234930052E311 /* Products */;
			projectDirPath = "";
			projectRoot = "";
			targets = (
				29003DC5265234930052E311 /* megha */,
			);
		};
/* End PBXProject section */

/* Begin PBXResourcesBuildPhase section */
		29003DC4265234930052E311 /* Resources */ = {
			isa = PBXResourcesBuildPhase;
			buildActionMask = 2147483647;
			files = (
				29003DD6265234990052E311 /* LaunchScreen.storyboard in Resources */,
				29003DD3265234990052E311 /* Assets.xcassets in Resources */,
				29003DD1265234930052E311 /* Main.storyboard in Resources */,
				29003DDE265250290052E311 /* model.tflite in Resources */,
			);
			runOnlyForDeploymentPostprocessing = 0;
		};
/* End PBXResourcesBuildPhase section */

/* Begin PBXShellScriptBuildPhase section */
		524CD189E932AABAA36E753C /* [CP] Check Pods Manifest.lock */ = {
			isa = PBXShellScriptBuildPhase;
			buildActionMask = 2147483647;
			files = (
			);
			inputFileListPaths = (
			);
			inputPaths = (
				"${PODS_PODFILE_DIR_PATH}/Podfile.lock",
				"${PODS_ROOT}/Manifest.lock",
			);
			name = "[CP] Check Pods Manifest.lock";
			outputFileListPaths = (
			);
			outputPaths = (
				"$(DERIVED_FILE_DIR)/Pods-megha-checkManifestLockResult.txt",
			);
			runOnlyForDeploymentPostprocessing = 0;
			shellPath = /bin/sh;
			shellScript = "diff \"${PODS_PODFILE_DIR_PATH}/Podfile.lock\" \"${PODS_ROOT}/Manifest.lock\" > /dev/null\nif [ $? != 0 ] ; then\n    # print error to STDERR\n    echo \"error: The sandbox is not in sync with the Podfile.lock. Run 'pod install' or update your CocoaPods installation.\" >&2\n    exit 1\nfi\n# This output is used by Xcode 'outputs' to avoid re-running this script phase.\necho \"SUCCESS\" > \"${SCRIPT_OUTPUT_FILE_0}\"\n";
			showEnvVarsInLog = 0;
		};
/* End PBXShellScriptBuildPhase section */

/* Begin PBXSourcesBuildPhase section */
		29003DC2265234930052E311 /* Sources */ = {
			isa = PBXSourcesBuildPhase;
			buildActionMask = 2147483647;
			files = (
				29003DCE265234930052E311 /* ViewController.swift in Sources */,
				29003DCA265234930052E311 /* AppDelegate.swift in Sources */,
				29003DCC265234930052E311 /* SceneDelegate.swift in Sources */,
			);
			runOnlyForDeploymentPostprocessing = 0;
		};
/* End PBXSourcesBuildPhase section */

/* Begin PBXVariantGroup section */
		29003DCF265234930052E311 /* Main.storyboard */ = {
			isa = PBXVariantGroup;
			children = (
				29003DD0265234930052E311 /* Base */,
			);
			name = Main.storyboard;
			sourceTree = "<group>";
		};
		29003DD4265234990052E311 /* LaunchScreen.storyboard */ = {
			isa = PBXVariantGroup;
			children = (
				29003DD5265234990052E311 /* Base */,
			);
			name = LaunchScreen.storyboard;
			sourceTree = "<group>";
		};
/* End PBXVariantGroup section */

/* Begin XCBuildConfiguration section */
		29003DD8265234990052E311 /* Debug */ = {
			isa = XCBuildConfiguration;
			buildSettings = {
				ALWAYS_SEARCH_USER_PATHS = NO;
				CLANG_ANALYZER_NONNULL = YES;
				CLANG_ANALYZER_NUMBER_OBJECT_CONVERSION = YES_AGGRESSIVE;
				CLANG_CXX_LANGUAGE_STANDARD = "gnu++14";
				CLANG_CXX_LIBRARY = "libc++";
				CLANG_ENABLE_MODULES = YES;
				CLANG_ENABLE_OBJC_ARC = YES;
				CLANG_ENABLE_OBJC_WEAK = YES;
				CLANG_WARN_BLOCK_CAPTURE_AUTORELEASING = YES;
				CLANG_WARN_BOOL_CONVERSION = YES;
				CLANG_WARN_COMMA = YES;
				CLANG_WARN_CONSTANT_CONVERSION = YES;
				CLANG_WARN_DEPRECATED_OBJC_IMPLEMENTATIONS = YES;
				CLANG_WARN_DIRECT_OBJC_ISA_USAGE = YES_ERROR;
				CLANG_WARN_DOCUMENTATION_COMMENTS = YES;
				CLANG_WARN_EMPTY_BODY = YES;
				CLANG_WARN_ENUM_CONVERSION = YES;
				CLANG_WARN_INFINITE_RECURSION = YES;
				CLANG_WARN_INT_CONVERSION = YES;
				CLANG_WARN_NON_LITERAL_NULL_CONVERSION = YES;
				CLANG_WARN_OBJC_IMPLICIT_RETAIN_SELF = YES;
				CLANG_WARN_OBJC_LITERAL_CONVERSION = YES;
				CLANG_WARN_OBJC_ROOT_CLASS = YES_ERROR;
				CLANG_WARN_QUOTED_INCLUDE_IN_FRAMEWORK_HEADER = YES;
				CLANG_WARN_RANGE_LOOP_ANALYSIS = YES;
				CLANG_WARN_STRICT_PROTOTYPES = YES;
				CLANG_WARN_SUSPICIOUS_MOVE = YES;
				CLANG_WARN_UNGUARDED_AVAILABILITY = YES_AGGRESSIVE;
				CLANG_WARN_UNREACHABLE_CODE = YES;
				CLANG_WARN__DUPLICATE_METHOD_MATCH = YES;
				COPY_PHASE_STRIP = NO;
				DEBUG_INFORMATION_FORMAT = dwarf;
				ENABLE_STRICT_OBJC_MSGSEND = YES;
				ENABLE_TESTABILITY = YES;
				GCC_C_LANGUAGE_STANDARD = gnu11;
				GCC_DYNAMIC_NO_PIC = NO;
				GCC_NO_COMMON_BLOCKS = YES;
				GCC_OPTIMIZATION_LEVEL = 0;
				GCC_PREPROCESSOR_DEFINITIONS = (
					"DEBUG=1",
					"$(inherited)",
				);
				GCC_WARN_64_TO_32_BIT_CONVERSION = YES;
				GCC_WARN_ABOUT_RETURN_TYPE = YES_ERROR;
				GCC_WARN_UNDECLARED_SELECTOR = YES;
				GCC_WARN_UNINITIALIZED_AUTOS = YES_AGGRESSIVE;
				GCC_WARN_UNUSED_FUNCTION = YES;
				GCC_WARN_UNUSED_VARIABLE = YES;
				IPHONEOS_DEPLOYMENT_TARGET = 13.4;
				MTL_ENABLE_DEBUG_INFO = INCLUDE_SOURCE;
				MTL_FAST_MATH = YES;
				ONLY_ACTIVE_ARCH = YES;
				SDKROOT = iphoneos;
				SWIFT_ACTIVE_COMPILATION_CONDITIONS = DEBUG;
				SWIFT_OPTIMIZATION_LEVEL = "-Onone";
			};
			name = Debug;
		};
		29003DD9265234990052E311 /* Release */ = {
			isa = XCBuildConfiguration;
			buildSettings = {
				ALWAYS_SEARCH_USER_PATHS = NO;
				CLANG_ANALYZER_NONNULL = YES;
				CLANG_ANALYZER_NUMBER_OBJECT_CONVERSION = YES_AGGRESSIVE;
				CLANG_CXX_LANGUAGE_STANDARD = "gnu++14";
				CLANG_CXX_LIBRARY = "libc++";
				CLANG_ENABLE_MODULES = YES;
				CLANG_ENABLE_OBJC_ARC = YES;
				CLANG_ENABLE_OBJC_WEAK = YES;
				CLANG_WARN_BLOCK_CAPTURE_AUTORELEASING = YES;
				CLANG_WARN_BOOL_CONVERSION = YES;
				CLANG_WARN_COMMA = YES;
				CLANG_WARN_CONSTANT_CONVERSION = YES;
				CLANG_WARN_DEPRECATED_OBJC_IMPLEMENTATIONS = YES;
				CLANG_WARN_DIRECT_OBJC_ISA_USAGE = YES_ERROR;
				CLANG_WARN_DOCUMENTATION_COMMENTS = YES;
				CLANG_WARN_EMPTY_BODY = YES;
				CLANG_WARN_ENUM_CONVERSION = YES;
				CLANG_WARN_INFINITE_RECURSION = YES;
				CLANG_WARN_INT_CONVERSION = YES;
				CLANG_WARN_NON_LITERAL_NULL_CONVERSION = YES;
				CLANG_WARN_OBJC_IMPLICIT_RETAIN_SELF = YES;
				CLANG_WARN_OBJC_LITERAL_CONVERSION = YES;
				CLANG_WARN_OBJC_ROOT_CLASS = YES_ERROR;
				CLANG_WARN_QUOTED_INCLUDE_IN_FRAMEWORK_HEADER = YES;
				CLANG_WARN_RANGE_LOOP_ANALYSIS = YES;
				CLANG_WARN_STRICT_PROTOTYPES = YES;
				CLANG_WARN_SUSPICIOUS_MOVE = YES;
				CLANG_WARN_UNGUARDED_AVAILABILITY = YES_AGGRESSIVE;
				CLANG_WARN_UNREACHABLE_CODE = YES;
				CLANG_WARN__DUPLICATE_METHOD_MATCH = YES;
				COPY_PHASE_STRIP = NO;
				DEBUG_INFORMATION_FORMAT = "dwarf-with-dsym";
				ENABLE_NS_ASSERTIONS = NO;
				ENABLE_STRICT_OBJC_MSGSEND = YES;
				GCC_C_LANGUAGE_STANDARD = gnu11;
				GCC_NO_COMMON_BLOCKS = YES;
				GCC_WARN_64_TO_32_BIT_CONVERSION = YES;
				GCC_WARN_ABOUT_RETURN_TYPE = YES_ERROR;
				GCC_WARN_UNDECLARED_SELECTOR = YES;
				GCC_WARN_UNINITIALIZED_AUTOS = YES_AGGRESSIVE;
				GCC_WARN_UNUSED_FUNCTION = YES;
				GCC_WARN_UNUSED_VARIABLE = YES;
				IPHONEOS_DEPLOYMENT_TARGET = 13.4;
				MTL_ENABLE_DEBUG_INFO = NO;
				MTL_FAST_MATH = YES;
				SDKROOT = iphoneos;
				SWIFT_COMPILATION_MODE = wholemodule;
				SWIFT_OPTIMIZATION_LEVEL = "-O";
				VALIDATE_PRODUCT = YES;
			};
			name = Release;
		};
		29003DDB265234990052E311 /* Debug */ = {
			isa = XCBuildConfiguration;
			baseConfigurationReference = 28C2FB9C7FF4BDEB2D2886C4 /* Pods-megha.debug.xcconfig */;
			buildSettings = {
				ASSETCATALOG_COMPILER_APPICON_NAME = AppIcon;
				ASSETCATALOG_COMPILER_GLOBAL_ACCENT_COLOR_NAME = AccentColor;
				CODE_SIGN_STYLE = Automatic;
				DEVELOPMENT_TEAM = VXNX9L29VQ;
				INFOPLIST_FILE = megha/Info.plist;
				LD_RUNPATH_SEARCH_PATHS = (
					"$(inherited)",
					"@executable_path/Frameworks",
				);
				PRODUCT_BUNDLE_IDENTIFIER = com.wayhike.megha;
				PRODUCT_NAME = "$(TARGET_NAME)";
				SWIFT_VERSION = 5.0;
				TARGETED_DEVICE_FAMILY = "1,2";
			};
			name = Debug;
		};
		29003DDC265234990052E311 /* Release */ = {
			isa = XCBuildConfiguration;
			baseConfigurationReference = EBE4854D4A66462BCDC7C718 /* Pods-megha.release.xcconfig */;
			buildSettings = {
				ASSETCATALOG_COMPILER_APPICON_NAME = AppIcon;
				ASSETCATALOG_COMPILER_GLOBAL_ACCENT_COLOR_NAME = AccentColor;
				CODE_SIGN_STYLE = Automatic;
				DEVELOPMENT_TEAM = VXNX9L29VQ;
				INFOPLIST_FILE = megha/Info.plist;
				LD_RUNPATH_SEARCH_PATHS = (
					"$(inherited)",
					"@executable_path/Frameworks",
				);
				PRODUCT_BUNDLE_IDENTIFIER = com.wayhike.megha;
				PRODUCT_NAME = "$(TARGET_NAME)";
				SWIFT_VERSION = 5.0;
				TARGETED_DEVICE_FAMILY = "1,2";
			};
			name = Release;
		};
/* End XCBuildConfiguration section */

/* Begin XCConfigurationList section */
		29003DC1265234930052E311 /* Build configuration list for PBXProject "megha" */ = {
			isa = XCConfigurationList;
			buildConfigurations = (
				29003DD8265234990052E311 /* Debug */,
				29003DD9265234990052E311 /* Release */,
			);
			defaultConfigurationIsVisible = 0;
			defaultConfigurationName = Release;
		};
		29003DDA265234990052E311 /* Build configuration list for PBXNativeTarget "megha" */ = {
			isa = XCConfigurationList;
			buildConfigurations = (
				29003DDB265234990052E311 /* Debug */,
				29003DDC265234990052E311 /* Release */,
			);
			defaultConfigurationIsVisible = 0;
			defaultConfigurationName = Release;
		};
/* End XCConfigurationList section */
	};
	rootObject = 29003DBE265234930052E311 /* Project object */;
}
